
Microsoft Visual Studio Solution File, Format Version 12.00
# Visual Studio 2012
Project("{FAE04EC0-301F-11D3-BF4B-00C04F79EFBC}") = "primenumbers", "primenumbers\primenumbers.csproj", "{357C2C10-37D9-49BB-8833-B75CDA8ABDDF}"
EndProject
Global
	GlobalSection(SolutionConfigurationPlatforms) = preSolution
		Debug|x86 = Debug|x86
		Release|x86 = Release|x86
	EndGlobalSection
	GlobalSection(ProjectConfigurationPlatforms) = postSolution
		{357C2C10-37D9-49BB-8833-B75CDA8ABDDF}.Debug|x86.ActiveCfg = Debug|x86
		{357C2C10-37D9-49BB-8833-B75CDA8ABDDF}.Debug|x86.Build.0 = Debug|x86
		{357C2C10-37D9-49BB-8833-B75CDA8ABDDF}.Release|x86.ActiveCfg = Release|x86
		{357C2C10-37D9-49BB-8833-B75CDA8ABDDF}.Release|x86.Build.0 = Release|x86
	EndGlobalSection
EndGlobal
